
Microsoft Visual Studio Solution File, Format Version 12.00
Project("{FAE04EC0-301F-11D3-BF4B-00C04F79EFBC}") = "ConsoleProject", "src\ConsoleProject\ConsoleProject.csproj", "{DE4C0961-E571-4AAA-B7C2-C202C10EF672}"
EndProject
Project("{FAE04EC0-301F-11D3-BF4B-00C04F79EFBC}") = "DiscordServices", "src\Services\DiscordServices\DiscordServices.csproj", "{D849C275-A9B7-4C40-BE69-30B04567D391}"
EndProject
Project("{FAE04EC0-301F-11D3-BF4B-00C04F79EFBC}") = "WebAppCore", "src\WebAppCore\WebAppCore.csproj", "{9470B616-97F7-4D9D-923A-38CA7FC63723}"
EndProject
Project("{FAE04EC0-301F-11D3-BF4B-00C04F79EFBC}") = "ORM", "src\ORM\ORM.csproj", "{2F207D94-3415-4891-8F58-1ED460A36072}"
EndProject
Project("{FAE04EC0-301F-11D3-BF4B-00C04F79EFBC}") = "BambooServices", "src\Services\BambooServices\BambooServices.csproj", "{50ED3C3C-73F2-49DE-B299-6AF8E5E32948}"
EndProject
Project("{FAE04EC0-301F-11D3-BF4B-00C04F79EFBC}") = "Contract", "src\Contract\Contract.csproj", "{621A54DB-68C2-4D5F-8BBC-A6EE915E963E}"
EndProject
Project("{FAE04EC0-301F-11D3-BF4B-00C04F79EFBC}") = "TosPlugin", "src\Plugins\TosPlugin\TosPlugin.csproj", "{C69D7769-9E45-495F-8B22-DB6D933F9117}"
EndProject
Project("{FAE04EC0-301F-11D3-BF4B-00C04F79EFBC}") = "PluginLoader", "src\PluginLoader\PluginLoader.csproj", "{912F26BF-0A16-47BB-985A-11ED1CE28ED1}"
EndProject
Project("{2150E333-8FDC-42A3-9474-1A3956D46DE8}") = "Plugins", "Plugins", "{DD0A7319-C8C9-4801-A205-028A8B17052E}"
EndProject
Project("{FAE04EC0-301F-11D3-BF4B-00C04F79EFBC}") = "Common", "src\Common\Common.csproj", "{84DDC800-E46E-49A0-91EF-71DF4A0B656F}"
EndProject
Project("{FAE04EC0-301F-11D3-BF4B-00C04F79EFBC}") = "JiraServices", "src\Services\JiraServices\JiraServices.csproj", "{32C0E09D-C4E4-494C-839D-9DBB03A7FA84}"
EndProject
Project("{2150E333-8FDC-42A3-9474-1A3956D46DE8}") = "Services", "Services", "{1999F2D6-D2E6-45CC-8BBE-9C7C7FEE49F0}"
EndProject
Project("{FAE04EC0-301F-11D3-BF4B-00C04F79EFBC}") = "StendService", "src\Services\StendService\StendService.csproj", "{4731C3EC-5C81-48B2-B468-CAE71AF47A3B}"
EndProject
Global
	GlobalSection(SolutionConfigurationPlatforms) = preSolution
		Debug|Any CPU = Debug|Any CPU
		Release|Any CPU = Release|Any CPU
	EndGlobalSection
	GlobalSection(ProjectConfigurationPlatforms) = postSolution
		{DE4C0961-E571-4AAA-B7C2-C202C10EF672}.Debug|Any CPU.ActiveCfg = Debug|Any CPU
		{DE4C0961-E571-4AAA-B7C2-C202C10EF672}.Debug|Any CPU.Build.0 = Debug|Any CPU
		{DE4C0961-E571-4AAA-B7C2-C202C10EF672}.Release|Any CPU.ActiveCfg = Release|Any CPU
		{DE4C0961-E571-4AAA-B7C2-C202C10EF672}.Release|Any CPU.Build.0 = Release|Any CPU
		{D849C275-A9B7-4C40-BE69-30B04567D391}.Debug|Any CPU.ActiveCfg = Debug|Any CPU
		{D849C275-A9B7-4C40-BE69-30B04567D391}.Debug|Any CPU.Build.0 = Debug|Any CPU
		{D849C275-A9B7-4C40-BE69-30B04567D391}.Release|Any CPU.ActiveCfg = Release|Any CPU
		{D849C275-A9B7-4C40-BE69-30B04567D391}.Release|Any CPU.Build.0 = Release|Any CPU
		{9470B616-97F7-4D9D-923A-38CA7FC63723}.Debug|Any CPU.ActiveCfg = Debug|Any CPU
		{9470B616-97F7-4D9D-923A-38CA7FC63723}.Debug|Any CPU.Build.0 = Debug|Any CPU
		{9470B616-97F7-4D9D-923A-38CA7FC63723}.Release|Any CPU.ActiveCfg = Release|Any CPU
		{9470B616-97F7-4D9D-923A-38CA7FC63723}.Release|Any CPU.Build.0 = Release|Any CPU
		{2F207D94-3415-4891-8F58-1ED460A36072}.Debug|Any CPU.ActiveCfg = Debug|Any CPU
		{2F207D94-3415-4891-8F58-1ED460A36072}.Debug|Any CPU.Build.0 = Debug|Any CPU
		{2F207D94-3415-4891-8F58-1ED460A36072}.Release|Any CPU.ActiveCfg = Release|Any CPU
		{2F207D94-3415-4891-8F58-1ED460A36072}.Release|Any CPU.Build.0 = Release|Any CPU
		{50ED3C3C-73F2-49DE-B299-6AF8E5E32948}.Debug|Any CPU.ActiveCfg = Debug|Any CPU
		{50ED3C3C-73F2-49DE-B299-6AF8E5E32948}.Debug|Any CPU.Build.0 = Debug|Any CPU
		{50ED3C3C-73F2-49DE-B299-6AF8E5E32948}.Release|Any CPU.ActiveCfg = Release|Any CPU
		{50ED3C3C-73F2-49DE-B299-6AF8E5E32948}.Release|Any CPU.Build.0 = Release|Any CPU
		{621A54DB-68C2-4D5F-8BBC-A6EE915E963E}.Debug|Any CPU.ActiveCfg = Debug|Any CPU
		{621A54DB-68C2-4D5F-8BBC-A6EE915E963E}.Debug|Any CPU.Build.0 = Debug|Any CPU
		{621A54DB-68C2-4D5F-8BBC-A6EE915E963E}.Release|Any CPU.ActiveCfg = Release|Any CPU
		{621A54DB-68C2-4D5F-8BBC-A6EE915E963E}.Release|Any CPU.Build.0 = Release|Any CPU
		{C69D7769-9E45-495F-8B22-DB6D933F9117}.Debug|Any CPU.ActiveCfg = Debug|Any CPU
		{C69D7769-9E45-495F-8B22-DB6D933F9117}.Debug|Any CPU.Build.0 = Debug|Any CPU
		{C69D7769-9E45-495F-8B22-DB6D933F9117}.Release|Any CPU.ActiveCfg = Release|Any CPU
		{C69D7769-9E45-495F-8B22-DB6D933F9117}.Release|Any CPU.Build.0 = Release|Any CPU
		{912F26BF-0A16-47BB-985A-11ED1CE28ED1}.Debug|Any CPU.ActiveCfg = Debug|Any CPU
		{912F26BF-0A16-47BB-985A-11ED1CE28ED1}.Debug|Any CPU.Build.0 = Debug|Any CPU
		{912F26BF-0A16-47BB-985A-11ED1CE28ED1}.Release|Any CPU.ActiveCfg = Release|Any CPU
		{912F26BF-0A16-47BB-985A-11ED1CE28ED1}.Release|Any CPU.Build.0 = Release|Any CPU
		{84DDC800-E46E-49A0-91EF-71DF4A0B656F}.Debug|Any CPU.ActiveCfg = Debug|Any CPU
		{84DDC800-E46E-49A0-91EF-71DF4A0B656F}.Debug|Any CPU.Build.0 = Debug|Any CPU
		{84DDC800-E46E-49A0-91EF-71DF4A0B656F}.Release|Any CPU.ActiveCfg = Release|Any CPU
		{84DDC800-E46E-49A0-91EF-71DF4A0B656F}.Release|Any CPU.Build.0 = Release|Any CPU
		{32C0E09D-C4E4-494C-839D-9DBB03A7FA84}.Debug|Any CPU.ActiveCfg = Debug|Any CPU
		{32C0E09D-C4E4-494C-839D-9DBB03A7FA84}.Debug|Any CPU.Build.0 = Debug|Any CPU
		{32C0E09D-C4E4-494C-839D-9DBB03A7FA84}.Release|Any CPU.ActiveCfg = Release|Any CPU
		{32C0E09D-C4E4-494C-839D-9DBB03A7FA84}.Release|Any CPU.Build.0 = Release|Any CPU
		{4731C3EC-5C81-48B2-B468-CAE71AF47A3B}.Debug|Any CPU.ActiveCfg = Debug|Any CPU
		{4731C3EC-5C81-48B2-B468-CAE71AF47A3B}.Debug|Any CPU.Build.0 = Debug|Any CPU
		{4731C3EC-5C81-48B2-B468-CAE71AF47A3B}.Release|Any CPU.ActiveCfg = Release|Any CPU
		{4731C3EC-5C81-48B2-B468-CAE71AF47A3B}.Release|Any CPU.Build.0 = Release|Any CPU
	EndGlobalSection
	GlobalSection(NestedProjects) = preSolution
		{C69D7769-9E45-495F-8B22-DB6D933F9117} = {DD0A7319-C8C9-4801-A205-028A8B17052E}
		{50ED3C3C-73F2-49DE-B299-6AF8E5E32948} = {1999F2D6-D2E6-45CC-8BBE-9C7C7FEE49F0}
		{84DDC800-E46E-49A0-91EF-71DF4A0B656F} = {1999F2D6-D2E6-45CC-8BBE-9C7C7FEE49F0}
		{D849C275-A9B7-4C40-BE69-30B04567D391} = {1999F2D6-D2E6-45CC-8BBE-9C7C7FEE49F0}
		{32C0E09D-C4E4-494C-839D-9DBB03A7FA84} = {1999F2D6-D2E6-45CC-8BBE-9C7C7FEE49F0}
		{4731C3EC-5C81-48B2-B468-CAE71AF47A3B} = {1999F2D6-D2E6-45CC-8BBE-9C7C7FEE49F0}
	EndGlobalSection
EndGlobal
